
Microsoft Visual Studio Solution File, Format Version 12.00
# Visual Studio Express 14 for Windows Desktop
VisualStudioVersion = 14.0.25420.1
MinimumVisualStudioVersion = 10.0.40219.1
Project("{FAE04EC0-301F-11D3-BF4B-00C04F79EFBC}") = "run_cmd", "run_cmd\run_cmd.csproj", "{AEA98E01-31EC-4C52-B2CA-F6E234832BEF}"
EndProject
Global
	GlobalSection(SolutionConfigurationPlatforms) = preSolution
		Debug|Any CPU = Debug|Any CPU
		Release|Any CPU = Release|Any CPU
	EndGlobalSection
	GlobalSection(ProjectConfigurationPlatforms) = postSolution
		{AEA98E01-31EC-4C52-B2CA-F6E234832BEF}.Debug|Any CPU.ActiveCfg = Debug|Any CPU
		{AEA98E01-31EC-4C52-B2CA-F6E234832BEF}.Debug|Any CPU.Build.0 = Debug|Any CPU
		{AEA98E01-31EC-4C52-B2CA-F6E234832BEF}.Release|Any CPU.ActiveCfg = Release|Any CPU
		{AEA98E01-31EC-4C52-B2CA-F6E234832BEF}.Release|Any CPU.Build.0 = Release|Any CPU
	EndGlobalSection
	GlobalSection(SolutionProperties) = preSolution
		HideSolutionNode = FALSE
	EndGlobalSection
EndGlobal
