
Microsoft Visual Studio Solution File, Format Version 12.00
# Visual Studio 2012
Project("{FAE04EC0-301F-11D3-BF4B-00C04F79EFBC}") = "MongoDBTest2", "MongoDBTest2\MongoDBTest2.csproj", "{BC1E6E13-260B-497C-BDB9-3A4670DD515F}"
EndProject
Global
	GlobalSection(SolutionConfigurationPlatforms) = preSolution
		Debug|Any CPU = Debug|Any CPU
		Release|Any CPU = Release|Any CPU
	EndGlobalSection
	GlobalSection(ProjectConfigurationPlatforms) = postSolution
		{BC1E6E13-260B-497C-BDB9-3A4670DD515F}.Debug|Any CPU.ActiveCfg = Debug|Any CPU
		{BC1E6E13-260B-497C-BDB9-3A4670DD515F}.Debug|Any CPU.Build.0 = Debug|Any CPU
		{BC1E6E13-260B-497C-BDB9-3A4670DD515F}.Release|Any CPU.ActiveCfg = Release|Any CPU
		{BC1E6E13-260B-497C-BDB9-3A4670DD515F}.Release|Any CPU.Build.0 = Release|Any CPU
	EndGlobalSection
	GlobalSection(SolutionProperties) = preSolution
		HideSolutionNode = FALSE
	EndGlobalSection
EndGlobal
